
Microsoft Visual Studio Solution File, Format Version 12.00
# Visual Studio Version 16
VisualStudioVersion = 16.0.30204.135
MinimumVisualStudioVersion = 10.0.40219.1
Project("{FAE04EC0-301F-11D3-BF4B-00C04F79EFBC}") = "ChessTheoryNavigator", "ChessTheoryNavigator\ChessTheoryNavigator.csproj", "{4237DCBE-1EE9-4C3A-B740-6FF8F73009DD}"
EndProject
Global
	GlobalSection(SolutionConfigurationPlatforms) = preSolution
		Debug|Any CPU = Debug|Any CPU
		Release|Any CPU = Release|Any CPU
	EndGlobalSection
	GlobalSection(ProjectConfigurationPlatforms) = postSolution
		{4237DCBE-1EE9-4C3A-B740-6FF8F73009DD}.Debug|Any CPU.ActiveCfg = Debug|Any CPU
		{4237DCBE-1EE9-4C3A-B740-6FF8F73009DD}.Debug|Any CPU.Build.0 = Debug|Any CPU
		{4237DCBE-1EE9-4C3A-B740-6FF8F73009DD}.Release|Any CPU.ActiveCfg = Release|Any CPU
		{4237DCBE-1EE9-4C3A-B740-6FF8F73009DD}.Release|Any CPU.Build.0 = Release|Any CPU
	EndGlobalSection
	GlobalSection(SolutionProperties) = preSolution
		HideSolutionNode = FALSE
	EndGlobalSection
	GlobalSection(ExtensibilityGlobals) = postSolution
		SolutionGuid = {650DBEDB-3AB4-437A-B5E8-CA1B523976CD}
	EndGlobalSection
EndGlobal
